
Microsoft Visual Studio Solution File, Format Version 12.00
# Visual Studio Version 17
VisualStudioVersion = 17.0.32014.148
MinimumVisualStudioVersion = 10.0.40219.1
Project("{8BC9CEB8-8B4A-11D0-8D11-00A0C91BC942}") = "NesEmulator", "NesEmulator.vcxproj", "{A6FC97DC-00F9-419C-9081-7FDC4AEB35D4}"
EndProject
Global
	GlobalSection(SolutionConfigurationPlatforms) = preSolution
		Debug|x64 = Debug|x64
		Debug|x86 = Debug|x86
		Release|x64 = Release|x64
		Release|x86 = Release|x86
	EndGlobalSection
	GlobalSection(ProjectConfigurationPlatforms) = postSolution
		{A6FC97DC-00F9-419C-9081-7FDC4AEB35D4}.Debug|x64.ActiveCfg = Debug|x64
		{A6FC97DC-00F9-419C-9081-7FDC4AEB35D4}.Debug|x64.Build.0 = Debug|x64
		{A6FC97DC-00F9-419C-9081-7FDC4AEB35D4}.Debug|x86.ActiveCfg = Debug|Win32
		{A6FC97DC-00F9-419C-9081-7FDC4AEB35D4}.Debug|x86.Build.0 = Debug|Win32
		{A6FC97DC-00F9-419C-9081-7FDC4AEB35D4}.Release|x64.ActiveCfg = Release|x64
		{A6FC97DC-00F9-419C-9081-7FDC4AEB35D4}.Release|x64.Build.0 = Release|x64
		{A6FC97DC-00F9-419C-9081-7FDC4AEB35D4}.Release|x86.ActiveCfg = Release|Win32
		{A6FC97DC-00F9-419C-9081-7FDC4AEB35D4}.Release|x86.Build.0 = Release|Win32
	EndGlobalSection
	GlobalSection(SolutionProperties) = preSolution
		HideSolutionNode = FALSE
	EndGlobalSection
	GlobalSection(ExtensibilityGlobals) = postSolution
		SolutionGuid = {EAB39B32-2412-43DA-B22C-8FEEE52EDC7D}
	EndGlobalSection
EndGlobal
